
Microsoft Visual Studio Solution File, Format Version 12.00
# Visual Studio Version 16
VisualStudioVersion = 16.0.30717.126
MinimumVisualStudioVersion = 10.0.40219.1
Project("{FAE04EC0-301F-11D3-BF4B-00C04F79EFBC}") = "RestaurantRater", "RestaurantRater\RestaurantRater.csproj", "{12423EC5-5A65-4A49-942E-071DA744B19C}"
EndProject
Global
	GlobalSection(SolutionConfigurationPlatforms) = preSolution
		Debug|Any CPU = Debug|Any CPU
		Release|Any CPU = Release|Any CPU
	EndGlobalSection
	GlobalSection(ProjectConfigurationPlatforms) = postSolution
		{12423EC5-5A65-4A49-942E-071DA744B19C}.Debug|Any CPU.ActiveCfg = Debug|Any CPU
		{12423EC5-5A65-4A49-942E-071DA744B19C}.Debug|Any CPU.Build.0 = Debug|Any CPU
		{12423EC5-5A65-4A49-942E-071DA744B19C}.Release|Any CPU.ActiveCfg = Release|Any CPU
		{12423EC5-5A65-4A49-942E-071DA744B19C}.Release|Any CPU.Build.0 = Release|Any CPU
	EndGlobalSection
	GlobalSection(SolutionProperties) = preSolution
		HideSolutionNode = FALSE
	EndGlobalSection
	GlobalSection(ExtensibilityGlobals) = postSolution
		SolutionGuid = {9DE5BDCA-E1F6-489E-B2C0-42A3A6F325E9}
	EndGlobalSection
EndGlobal
